// !$*UTF8*$!
{
	archiveVersion = 1;
	classes = {
	};
	objectVersion = 56;
	objects = {

/* Begin PBXBuildFile section */
		75B10D612C59010B000C13B0 /* ImageSearchApp.swift in Sources */ = {isa = PBXBuildFile; fileRef = 75B10D602C59010B000C13B0 /* ImageSearchApp.swift */; };
		75B10D632C59010B000C13B0 /* HomeView.swift in Sources */ = {isa = PBXBuildFile; fileRef = 75B10D622C59010B000C13B0 /* HomeView.swift */; };
		75B10D652C59010D000C13B0 /* Assets.xcassets in Resources */ = {isa = PBXBuildFile; fileRef = 75B10D642C59010D000C13B0 /* Assets.xcassets */; };
		75B10D682C59010D000C13B0 /* Preview Assets.xcassets in Resources */ = {isa = PBXBuildFile; fileRef = 75B10D672C59010D000C13B0 /* Preview Assets.xcassets */; };
		75B10D6F2C59382A000C13B0 /* SearchBar.swift in Sources */ = {isa = PBXBuildFile; fileRef = 75B10D6E2C59382A000C13B0 /* SearchBar.swift */; };
		75B10D742C595409000C13B0 /* HomeViewModel.swift in Sources */ = {isa = PBXBuildFile; fileRef = 75B10D732C595409000C13B0 /* HomeViewModel.swift */; };
		75B10D762C595426000C13B0 /* ImageModel.swift in Sources */ = {isa = PBXBuildFile; fileRef = 75B10D752C595426000C13B0 /* ImageModel.swift */; };
		75B10D7A2C5A99D0000C13B0 /* URLBuilder.swift in Sources */ = {isa = PBXBuildFile; fileRef = 75B10D792C5A99CF000C13B0 /* URLBuilder.swift */; };
		75B10D7C2C5A9A28000C13B0 /* URLConfiguration.swift in Sources */ = {isa = PBXBuildFile; fileRef = 75B10D7B2C5A9A28000C13B0 /* URLConfiguration.swift */; };
		75B10D822C5C1CE2000C13B0 /* ImageCell.swift in Sources */ = {isa = PBXBuildFile; fileRef = 75B10D812C5C1CE2000C13B0 /* ImageCell.swift */; };
		75B10D862C5C1E97000C13B0 /* APIConstants.swift in Sources */ = {isa = PBXBuildFile; fileRef = 75B10D852C5C1E97000C13B0 /* APIConstants.swift */; };
		75B10D8A2C5CCAE1000C13B0 /* Config.plist in Resources */ = {isa = PBXBuildFile; fileRef = 75B10D892C5CCAE1000C13B0 /* Config.plist */; };
/* End PBXBuildFile section */

/* Begin PBXFileReference section */
		75B10D5D2C59010B000C13B0 /* Image Search.app */ = {isa = PBXFileReference; explicitFileType = wrapper.application; includeInIndex = 0; path = "Image Search.app"; sourceTree = BUILT_PRODUCTS_DIR; };
		75B10D602C59010B000C13B0 /* ImageSearchApp.swift */ = {isa = PBXFileReference; lastKnownFileType = sourcecode.swift; path = ImageSearchApp.swift; sourceTree = "<group>"; };
		75B10D622C59010B000C13B0 /* HomeView.swift */ = {isa = PBXFileReference; lastKnownFileType = sourcecode.swift; path = HomeView.swift; sourceTree = "<group>"; };
		75B10D642C59010D000C13B0 /* Assets.xcassets */ = {isa = PBXFileReference; lastKnownFileType = folder.assetcatalog; path = Assets.xcassets; sourceTree = "<group>"; };
		75B10D672C59010D000C13B0 /* Preview Assets.xcassets */ = {isa = PBXFileReference; lastKnownFileType = folder.assetcatalog; path = "Preview Assets.xcassets"; sourceTree = "<group>"; };
		75B10D6E2C59382A000C13B0 /* SearchBar.swift */ = {isa = PBXFileReference; lastKnownFileType = sourcecode.swift; path = SearchBar.swift; sourceTree = "<group>"; };
		75B10D732C595409000C13B0 /* HomeViewModel.swift */ = {isa = PBXFileReference; lastKnownFileType = sourcecode.swift; path = HomeViewModel.swift; sourceTree = "<group>"; };
		75B10D752C595426000C13B0 /* ImageModel.swift */ = {isa = PBXFileReference; lastKnownFileType = sourcecode.swift; path = ImageModel.swift; sourceTree = "<group>"; };
		75B10D792C5A99CF000C13B0 /* URLBuilder.swift */ = {isa = PBXFileReference; lastKnownFileType = sourcecode.swift; path = URLBuilder.swift; sourceTree = "<group>"; };
		75B10D7B2C5A9A28000C13B0 /* URLConfiguration.swift */ = {isa = PBXFileReference; lastKnownFileType = sourcecode.swift; path = URLConfiguration.swift; sourceTree = "<group>"; };
		75B10D812C5C1CE2000C13B0 /* ImageCell.swift */ = {isa = PBXFileReference; lastKnownFileType = sourcecode.swift; path = ImageCell.swift; sourceTree = "<group>"; };
		75B10D852C5C1E97000C13B0 /* APIConstants.swift */ = {isa = PBXFileReference; lastKnownFileType = sourcecode.swift; path = APIConstants.swift; sourceTree = "<group>"; };
		75B10D892C5CCAE1000C13B0 /* Config.plist */ = {isa = PBXFileReference; fileEncoding = 4; lastKnownFileType = text.plist.xml; name = Config.plist; path = "Image Search/Config.plist"; sourceTree = SOURCE_ROOT; };
/* End PBXFileReference section */

/* Begin PBXFrameworksBuildPhase section */
		75B10D5A2C59010B000C13B0 /* Frameworks */ = {
			isa = PBXFrameworksBuildPhase;
			buildActionMask = 2147483647;
			files = (
			);
			runOnlyForDeploymentPostprocessing = 0;
		};
/* End PBXFrameworksBuildPhase section */

/* Begin PBXGroup section */
		75B10D542C59010B000C13B0 = {
			isa = PBXGroup;
			children = (
				75B10D5F2C59010B000C13B0 /* Image Search */,
				75B10D5E2C59010B000C13B0 /* Products */,
			);
			sourceTree = "<group>";
		};
		75B10D5E2C59010B000C13B0 /* Products */ = {
			isa = PBXGroup;
			children = (
				75B10D5D2C59010B000C13B0 /* Image Search.app */,
			);
			name = Products;
			sourceTree = "<group>";
		};
		75B10D5F2C59010B000C13B0 /* Image Search */ = {
			isa = PBXGroup;
			children = (
				75B10D772C5A9999000C13B0 /* Services */,
				75B10D702C595380000C13B0 /* Common */,
				75B10D712C59539F000C13B0 /* Home */,
				75B10D722C5953B1000C13B0 /* Components */,
				75B10D642C59010D000C13B0 /* Assets.xcassets */,
				75B10D892C5CCAE1000C13B0 /* Config.plist */,
				75B10D662C59010D000C13B0 /* Preview Content */,
			);
			path = "Image Search";
			sourceTree = "<group>";
		};
		75B10D662C59010D000C13B0 /* Preview Content */ = {
			isa = PBXGroup;
			children = (
				75B10D672C59010D000C13B0 /* Preview Assets.xcassets */,
			);
			path = "Preview Content";
			sourceTree = "<group>";
		};
		75B10D702C595380000C13B0 /* Common */ = {
			isa = PBXGroup;
			children = (
				75B10D602C59010B000C13B0 /* ImageSearchApp.swift */,
			);
			path = Common;
			sourceTree = "<group>";
		};
		75B10D712C59539F000C13B0 /* Home */ = {
			isa = PBXGroup;
			children = (
				75B10D832C5C1E6F000C13B0 /* View */,
				75B10D622C59010B000C13B0 /* HomeView.swift */,
				75B10D732C595409000C13B0 /* HomeViewModel.swift */,
				75B10D752C595426000C13B0 /* ImageModel.swift */,
			);
			path = Home;
			sourceTree = "<group>";
		};
		75B10D722C5953B1000C13B0 /* Components */ = {
			isa = PBXGroup;
			children = (
				75B10D6E2C59382A000C13B0 /* SearchBar.swift */,
			);
			path = Components;
			sourceTree = "<group>";
		};
		75B10D772C5A9999000C13B0 /* Services */ = {
			isa = PBXGroup;
			children = (
				75B10D782C5A99B6000C13B0 /* Network */,
			);
			path = Services;
			sourceTree = "<group>";
		};
		75B10D782C5A99B6000C13B0 /* Network */ = {
			isa = PBXGroup;
			children = (
				75B10D842C5C1E83000C13B0 /* Constants */,
				75B10D792C5A99CF000C13B0 /* URLBuilder.swift */,
				75B10D7B2C5A9A28000C13B0 /* URLConfiguration.swift */,
			);
			path = Network;
			sourceTree = "<group>";
		};
		75B10D832C5C1E6F000C13B0 /* View */ = {
			isa = PBXGroup;
			children = (
				75B10D812C5C1CE2000C13B0 /* ImageCell.swift */,
			);
			path = View;
			sourceTree = "<group>";
		};
		75B10D842C5C1E83000C13B0 /* Constants */ = {
			isa = PBXGroup;
			children = (
				75B10D852C5C1E97000C13B0 /* APIConstants.swift */,
			);
			path = Constants;
			sourceTree = "<group>";
		};
/* End PBXGroup section */

/* Begin PBXNativeTarget section */
		75B10D5C2C59010B000C13B0 /* Image Search */ = {
			isa = PBXNativeTarget;
			buildConfigurationList = 75B10D6B2C59010D000C13B0 /* Build configuration list for PBXNativeTarget "Image Search" */;
			buildPhases = (
				75B10D592C59010B000C13B0 /* Sources */,
				75B10D5A2C59010B000C13B0 /* Frameworks */,
				75B10D5B2C59010B000C13B0 /* Resources */,
			);
			buildRules = (
			);
			dependencies = (
			);
			name = "Image Search";
			productName = "Image Search";
			productReference = 75B10D5D2C59010B000C13B0 /* Image Search.app */;
			productType = "com.apple.product-type.application";
		};
/* End PBXNativeTarget section */

/* Begin PBXProject section */
		75B10D552C59010B000C13B0 /* Project object */ = {
			isa = PBXProject;
			attributes = {
				BuildIndependentTargetsInParallel = 1;
				LastSwiftUpdateCheck = 1540;
				LastUpgradeCheck = 1540;
				TargetAttributes = {
					75B10D5C2C59010B000C13B0 = {
						CreatedOnToolsVersion = 15.4;
					};
				};
			};
			buildConfigurationList = 75B10D582C59010B000C13B0 /* Build configuration list for PBXProject "Image Search" */;
			compatibilityVersion = "Xcode 14.0";
			developmentRegion = en;
			hasScannedForEncodings = 0;
			knownRegions = (
				en,
				Base,
			);
			mainGroup = 75B10D542C59010B000C13B0;
			productRefGroup = 75B10D5E2C59010B000C13B0 /* Products */;
			projectDirPath = "";
			projectRoot = "";
			targets = (
				75B10D5C2C59010B000C13B0 /* Image Search */,
			);
		};
/* End PBXProject section */

/* Begin PBXResourcesBuildPhase section */
		75B10D5B2C59010B000C13B0 /* Resources */ = {
			isa = PBXResourcesBuildPhase;
			buildActionMask = 2147483647;
			files = (
				75B10D682C59010D000C13B0 /* Preview Assets.xcassets in Resources */,
				75B10D8A2C5CCAE1000C13B0 /* Config.plist in Resources */,
				75B10D652C59010D000C13B0 /* Assets.xcassets in Resources */,
			);
			runOnlyForDeploymentPostprocessing = 0;
		};
/* End PBXResourcesBuildPhase section */

/* Begin PBXSourcesBuildPhase section */
		75B10D592C59010B000C13B0 /* Sources */ = {
			isa = PBXSourcesBuildPhase;
			buildActionMask = 2147483647;
			files = (
				75B10D632C59010B000C13B0 /* HomeView.swift in Sources */,
				75B10D762C595426000C13B0 /* ImageModel.swift in Sources */,
				75B10D862C5C1E97000C13B0 /* APIConstants.swift in Sources */,
				75B10D7C2C5A9A28000C13B0 /* URLConfiguration.swift in Sources */,
				75B10D612C59010B000C13B0 /* ImageSearchApp.swift in Sources */,
				75B10D6F2C59382A000C13B0 /* SearchBar.swift in Sources */,
				75B10D742C595409000C13B0 /* HomeViewModel.swift in Sources */,
				75B10D7A2C5A99D0000C13B0 /* URLBuilder.swift in Sources */,
				75B10D822C5C1CE2000C13B0 /* ImageCell.swift in Sources */,
			);
			runOnlyForDeploymentPostprocessing = 0;
		};
/* End PBXSourcesBuildPhase section */

/* Begin XCBuildConfiguration section */
		75B10D692C59010D000C13B0 /* Debug */ = {
			isa = XCBuildConfiguration;
			buildSettings = {
				ALWAYS_SEARCH_USER_PATHS = NO;
				ASSETCATALOG_COMPILER_GENERATE_SWIFT_ASSET_SYMBOL_EXTENSIONS = YES;
				CLANG_ANALYZER_NONNULL = YES;
				CLANG_ANALYZER_NUMBER_OBJECT_CONVERSION = YES_AGGRESSIVE;
				CLANG_CXX_LANGUAGE_STANDARD = "gnu++20";
				CLANG_ENABLE_MODULES = YES;
				CLANG_ENABLE_OBJC_ARC = YES;
				CLANG_ENABLE_OBJC_WEAK = YES;
				CLANG_WARN_BLOCK_CAPTURE_AUTORELEASING = YES;
				CLANG_WARN_BOOL_CONVERSION = YES;
				CLANG_WARN_COMMA = YES;
				CLANG_WARN_CONSTANT_CONVERSION = YES;
				CLANG_WARN_DEPRECATED_OBJC_IMPLEMENTATIONS = YES;
				CLANG_WARN_DIRECT_OBJC_ISA_USAGE = YES_ERROR;
				CLANG_WARN_DOCUMENTATION_COMMENTS = YES;
				CLANG_WARN_EMPTY_BODY = YES;
				CLANG_WARN_ENUM_CONVERSION = YES;
				CLANG_WARN_INFINITE_RECURSION = YES;
				CLANG_WARN_INT_CONVERSION = YES;
				CLANG_WARN_NON_LITERAL_NULL_CONVERSION = YES;
				CLANG_WARN_OBJC_IMPLICIT_RETAIN_SELF = YES;
				CLANG_WARN_OBJC_LITERAL_CONVERSION = YES;
				CLANG_WARN_OBJC_ROOT_CLASS = YES_ERROR;
				CLANG_WARN_QUOTED_INCLUDE_IN_FRAMEWORK_HEADER = YES;
				CLANG_WARN_RANGE_LOOP_ANALYSIS = YES;
				CLANG_WARN_STRICT_PROTOTYPES = YES;
				CLANG_WARN_SUSPICIOUS_MOVE = YES;
				CLANG_WARN_UNGUARDED_AVAILABILITY = YES_AGGRESSIVE;
				CLANG_WARN_UNREACHABLE_CODE = YES;
				CLANG_WARN__DUPLICATE_METHOD_MATCH = YES;
				COPY_PHASE_STRIP = NO;
				DEBUG_INFORMATION_FORMAT = dwarf;
				ENABLE_STRICT_OBJC_MSGSEND = YES;
				ENABLE_TESTABILITY = YES;
				ENABLE_USER_SCRIPT_SANDBOXING = YES;
				GCC_C_LANGUAGE_STANDARD = gnu17;
				GCC_DYNAMIC_NO_PIC = NO;
				GCC_NO_COMMON_BLOCKS = YES;
				GCC_OPTIMIZATION_LEVEL = 0;
				GCC_PREPROCESSOR_DEFINITIONS = (
					"DEBUG=1",
					"$(inherited)",
				);
				GCC_WARN_64_TO_32_BIT_CONVERSION = YES;
				GCC_WARN_ABOUT_RETURN_TYPE = YES_ERROR;
				GCC_WARN_UNDECLARED_SELECTOR = YES;
				GCC_WARN_UNINITIALIZED_AUTOS = YES_AGGRESSIVE;
				GCC_WARN_UNUSED_FUNCTION = YES;
				GCC_WARN_UNUSED_VARIABLE = YES;
				IPHONEOS_DEPLOYMENT_TARGET = 17.5;
				LOCALIZATION_PREFERS_STRING_CATALOGS = YES;
				MTL_ENABLE_DEBUG_INFO = INCLUDE_SOURCE;
				MTL_FAST_MATH = YES;
				ONLY_ACTIVE_ARCH = YES;
				SDKROOT = iphoneos;
				SWIFT_ACTIVE_COMPILATION_CONDITIONS = "DEBUG $(inherited)";
				SWIFT_OPTIMIZATION_LEVEL = "-Onone";
			};
			name = Debug;
		};
		75B10D6A2C59010D000C13B0 /* Release */ = {
			isa = XCBuildConfiguration;
			buildSettings = {
				ALWAYS_SEARCH_USER_PATHS = NO;
				ASSETCATALOG_COMPILER_GENERATE_SWIFT_ASSET_SYMBOL_EXTENSIONS = YES;
				CLANG_ANALYZER_NONNULL = YES;
				CLANG_ANALYZER_NUMBER_OBJECT_CONVERSION = YES_AGGRESSIVE;
				CLANG_CXX_LANGUAGE_STANDARD = "gnu++20";
				CLANG_ENABLE_MODULES = YES;
				CLANG_ENABLE_OBJC_ARC = YES;
				CLANG_ENABLE_OBJC_WEAK = YES;
				CLANG_WARN_BLOCK_CAPTURE_AUTORELEASING = YES;
				CLANG_WARN_BOOL_CONVERSION = YES;
				CLANG_WARN_COMMA = YES;
				CLANG_WARN_CONSTANT_CONVERSION = YES;
				CLANG_WARN_DEPRECATED_OBJC_IMPLEMENTATIONS = YES;
				CLANG_WARN_DIRECT_OBJC_ISA_USAGE = YES_ERROR;
				CLANG_WARN_DOCUMENTATION_COMMENTS = YES;
				CLANG_WARN_EMPTY_BODY = YES;
				CLANG_WARN_ENUM_CONVERSION = YES;
				CLANG_WARN_INFINITE_RECURSION = YES;
				CLANG_WARN_INT_CONVERSION = YES;
				CLANG_WARN_NON_LITERAL_NULL_CONVERSION = YES;
				CLANG_WARN_OBJC_IMPLICIT_RETAIN_SELF = YES;
				CLANG_WARN_OBJC_LITERAL_CONVERSION = YES;
				CLANG_WARN_OBJC_ROOT_CLASS = YES_ERROR;
				CLANG_WARN_QUOTED_INCLUDE_IN_FRAMEWORK_HEADER = YES;
				CLANG_WARN_RANGE_LOOP_ANALYSIS = YES;
				CLANG_WARN_STRICT_PROTOTYPES = YES;
				CLANG_WARN_SUSPICIOUS_MOVE = YES;
				CLANG_WARN_UNGUARDED_AVAILABILITY = YES_AGGRESSIVE;
				CLANG_WARN_UNREACHABLE_CODE = YES;
				CLANG_WARN__DUPLICATE_METHOD_MATCH = YES;
				COPY_PHASE_STRIP = NO;
				DEBUG_INFORMATION_FORMAT = "dwarf-with-dsym";
				ENABLE_NS_ASSERTIONS = NO;
				ENABLE_STRICT_OBJC_MSGSEND = YES;
				ENABLE_USER_SCRIPT_SANDBOXING = YES;
				GCC_C_LANGUAGE_STANDARD = gnu17;
				GCC_NO_COMMON_BLOCKS = YES;
				GCC_WARN_64_TO_32_BIT_CONVERSION = YES;
				GCC_WARN_ABOUT_RETURN_TYPE = YES_ERROR;
				GCC_WARN_UNDECLARED_SELECTOR = YES;
				GCC_WARN_UNINITIALIZED_AUTOS = YES_AGGRESSIVE;
				GCC_WARN_UNUSED_FUNCTION = YES;
				GCC_WARN_UNUSED_VARIABLE = YES;
				IPHONEOS_DEPLOYMENT_TARGET = 17.5;
				LOCALIZATION_PREFERS_STRING_CATALOGS = YES;
				MTL_ENABLE_DEBUG_INFO = NO;
				MTL_FAST_MATH = YES;
				SDKROOT = iphoneos;
				SWIFT_COMPILATION_MODE = wholemodule;
				VALIDATE_PRODUCT = YES;
			};
			name = Release;
		};
		75B10D6C2C59010D000C13B0 /* Debug */ = {
			isa = XCBuildConfiguration;
			buildSettings = {
				ASSETCATALOG_COMPILER_APPICON_NAME = AppIcon;
				ASSETCATALOG_COMPILER_GLOBAL_ACCENT_COLOR_NAME = AccentColor;
				CODE_SIGN_STYLE = Automatic;
				CURRENT_PROJECT_VERSION = 1;
				DEVELOPMENT_ASSET_PATHS = "\"Image Search/Preview Content\"";
				DEVELOPMENT_TEAM = RBVUFB3256;
				ENABLE_PREVIEWS = YES;
				GENERATE_INFOPLIST_FILE = YES;
				INFOPLIST_KEY_UIApplicationSceneManifest_Generation = YES;
				INFOPLIST_KEY_UIApplicationSupportsIndirectInputEvents = YES;
				INFOPLIST_KEY_UILaunchScreen_Generation = YES;
				INFOPLIST_KEY_UISupportedInterfaceOrientations_iPad = "UIInterfaceOrientationPortrait UIInterfaceOrientationPortraitUpsideDown UIInterfaceOrientationLandscapeLeft UIInterfaceOrientationLandscapeRight";
				INFOPLIST_KEY_UISupportedInterfaceOrientations_iPhone = "UIInterfaceOrientationPortrait UIInterfaceOrientationLandscapeLeft UIInterfaceOrientationLandscapeRight";
				LD_RUNPATH_SEARCH_PATHS = (
					"$(inherited)",
					"@executable_path/Frameworks",
				);
				MARKETING_VERSION = 1.0;
				PRODUCT_BUNDLE_IDENTIFIER = "artur.akulich.Image-Search";
				PRODUCT_NAME = "$(TARGET_NAME)";
				SWIFT_EMIT_LOC_STRINGS = YES;
				SWIFT_VERSION = 5.0;
				TARGETED_DEVICE_FAMILY = "1,2";
			};
			name = Debug;
		};
		75B10D6D2C59010D000C13B0 /* Release */ = {
			isa = XCBuildConfiguration;
			buildSettings = {
				ASSETCATALOG_COMPILER_APPICON_NAME = AppIcon;
				ASSETCATALOG_COMPILER_GLOBAL_ACCENT_COLOR_NAME = AccentColor;
				CODE_SIGN_STYLE = Automatic;
				CURRENT_PROJECT_VERSION = 1;
				DEVELOPMENT_ASSET_PATHS = "\"Image Search/Preview Content\"";
				DEVELOPMENT_TEAM = RBVUFB3256;
				ENABLE_PREVIEWS = YES;
				GENERATE_INFOPLIST_FILE = YES;
				INFOPLIST_KEY_UIApplicationSceneManifest_Generation = YES;
				INFOPLIST_KEY_UIApplicationSupportsIndirectInputEvents = YES;
				INFOPLIST_KEY_UILaunchScreen_Generation = YES;
				INFOPLIST_KEY_UISupportedInterfaceOrientations_iPad = "UIInterfaceOrientationPortrait UIInterfaceOrientationPortraitUpsideDown UIInterfaceOrientationLandscapeLeft UIInterfaceOrientationLandscapeRight";
				INFOPLIST_KEY_UISupportedInterfaceOrientations_iPhone = "UIInterfaceOrientationPortrait UIInterfaceOrientationLandscapeLeft UIInterfaceOrientationLandscapeRight";
				LD_RUNPATH_SEARCH_PATHS = (
					"$(inherited)",
					"@executable_path/Frameworks",
				);
				MARKETING_VERSION = 1.0;
				PRODUCT_BUNDLE_IDENTIFIER = "artur.akulich.Image-Search";
				PRODUCT_NAME = "$(TARGET_NAME)";
				SWIFT_EMIT_LOC_STRINGS = YES;
				SWIFT_VERSION = 5.0;
				TARGETED_DEVICE_FAMILY = "1,2";
			};
			name = Release;
		};
/* End XCBuildConfiguration section */

/* Begin XCConfigurationList section */
		75B10D582C59010B000C13B0 /* Build configuration list for PBXProject "Image Search" */ = {
			isa = XCConfigurationList;
			buildConfigurations = (
				75B10D692C59010D000C13B0 /* Debug */,
				75B10D6A2C59010D000C13B0 /* Release */,
			);
			defaultConfigurationIsVisible = 0;
			defaultConfigurationName = Release;
		};
		75B10D6B2C59010D000C13B0 /* Build configuration list for PBXNativeTarget "Image Search" */ = {
			isa = XCConfigurationList;
			buildConfigurations = (
				75B10D6C2C59010D000C13B0 /* Debug */,
				75B10D6D2C59010D000C13B0 /* Release */,
			);
			defaultConfigurationIsVisible = 0;
			defaultConfigurationName = Release;
		};
/* End XCConfigurationList section */
	};
	rootObject = 75B10D552C59010B000C13B0 /* Project object */;
}
